
Microsoft Visual Studio Solution File, Format Version 12.00
# Visual Studio Version 17
VisualStudioVersion = 17.13.35825.156
MinimumVisualStudioVersion = 10.0.40219.1
Project("{FAE04EC0-301F-11D3-BF4B-00C04F79EFBC}") = "IR_WEBAPP_Strimbeanu", "IR_WEBAPP_Strimbeanu\IR_WEBAPP_Strimbeanu.csproj", "{AC6A783E-85A5-4F8F-9693-11736886D45D}"
EndProject
Global
	GlobalSection(SolutionConfigurationPlatforms) = preSolution
		Debug|Any CPU = Debug|Any CPU
		Release|Any CPU = Release|Any CPU
	EndGlobalSection
	GlobalSection(ProjectConfigurationPlatforms) = postSolution
		{AC6A783E-85A5-4F8F-9693-11736886D45D}.Debug|Any CPU.ActiveCfg = Debug|Any CPU
		{AC6A783E-85A5-4F8F-9693-11736886D45D}.Debug|Any CPU.Build.0 = Debug|Any CPU
		{AC6A783E-85A5-4F8F-9693-11736886D45D}.Release|Any CPU.ActiveCfg = Release|Any CPU
		{AC6A783E-85A5-4F8F-9693-11736886D45D}.Release|Any CPU.Build.0 = Release|Any CPU
	EndGlobalSection
	GlobalSection(SolutionProperties) = preSolution
		HideSolutionNode = FALSE
	EndGlobalSection
	GlobalSection(ExtensibilityGlobals) = postSolution
		SolutionGuid = {954F96DA-0C79-49A5-B26C-518C6BB18C4A}
	EndGlobalSection
EndGlobal
